
Microsoft Visual Studio Solution File, Format Version 12.00
# Visual Studio Version 16
VisualStudioVersion = 16.0.31702.278
MinimumVisualStudioVersion = 10.0.40219.1
Project("{9A19103F-16F7-4668-BE54-9A1E7A4F7556}") = "JourneyThroughTheMountain", "JourneyThroughTheMountain\JourneyThroughTheMountain.csproj", "{A64597ED-BCAB-4567-BDBE-DD710C2E9DD6}"
EndProject
Project("{FAE04EC0-301F-11D3-BF4B-00C04F79EFBC}") = "LevelEditro", "LevelEditro\LevelEditro.csproj", "{3F354CC9-8364-43AC-A973-12BF8C4C1D6A}"
EndProject
Project("{FAE04EC0-301F-11D3-BF4B-00C04F79EFBC}") = "TileEngine", "TileEngine\TileEngine.csproj", "{52ACCD89-7E36-450B-8C90-AC58BAE2D57C}"
EndProject
Project("{9A19103F-16F7-4668-BE54-9A1E7A4F7556}") = "Test", "Test\Test.csproj", "{1EF9F52B-DA1B-4DDB-B079-80542B7B0EF6}"
EndProject
Global
	GlobalSection(SolutionConfigurationPlatforms) = preSolution
		Debug|Any CPU = Debug|Any CPU
		Release|Any CPU = Release|Any CPU
	EndGlobalSection
	GlobalSection(ProjectConfigurationPlatforms) = postSolution
		{A64597ED-BCAB-4567-BDBE-DD710C2E9DD6}.Debug|Any CPU.ActiveCfg = Debug|Any CPU
		{A64597ED-BCAB-4567-BDBE-DD710C2E9DD6}.Debug|Any CPU.Build.0 = Debug|Any CPU
		{A64597ED-BCAB-4567-BDBE-DD710C2E9DD6}.Release|Any CPU.ActiveCfg = Release|Any CPU
		{A64597ED-BCAB-4567-BDBE-DD710C2E9DD6}.Release|Any CPU.Build.0 = Release|Any CPU
		{3F354CC9-8364-43AC-A973-12BF8C4C1D6A}.Debug|Any CPU.ActiveCfg = Debug|Any CPU
		{3F354CC9-8364-43AC-A973-12BF8C4C1D6A}.Debug|Any CPU.Build.0 = Debug|Any CPU
		{3F354CC9-8364-43AC-A973-12BF8C4C1D6A}.Release|Any CPU.ActiveCfg = Release|Any CPU
		{3F354CC9-8364-43AC-A973-12BF8C4C1D6A}.Release|Any CPU.Build.0 = Release|Any CPU
		{52ACCD89-7E36-450B-8C90-AC58BAE2D57C}.Debug|Any CPU.ActiveCfg = Debug|Any CPU
		{52ACCD89-7E36-450B-8C90-AC58BAE2D57C}.Debug|Any CPU.Build.0 = Debug|Any CPU
		{52ACCD89-7E36-450B-8C90-AC58BAE2D57C}.Release|Any CPU.ActiveCfg = Release|Any CPU
		{52ACCD89-7E36-450B-8C90-AC58BAE2D57C}.Release|Any CPU.Build.0 = Release|Any CPU
		{1EF9F52B-DA1B-4DDB-B079-80542B7B0EF6}.Debug|Any CPU.ActiveCfg = Debug|Any CPU
		{1EF9F52B-DA1B-4DDB-B079-80542B7B0EF6}.Debug|Any CPU.Build.0 = Debug|Any CPU
		{1EF9F52B-DA1B-4DDB-B079-80542B7B0EF6}.Release|Any CPU.ActiveCfg = Release|Any CPU
		{1EF9F52B-DA1B-4DDB-B079-80542B7B0EF6}.Release|Any CPU.Build.0 = Release|Any CPU
	EndGlobalSection
	GlobalSection(SolutionProperties) = preSolution
		HideSolutionNode = FALSE
	EndGlobalSection
	GlobalSection(ExtensibilityGlobals) = postSolution
		SolutionGuid = {07E58657-3848-41BB-9954-AE1D47F1798F}
	EndGlobalSection
EndGlobal
